
Microsoft Visual Studio Solution File, Format Version 12.00
# Visual Studio Version 17
VisualStudioVersion = 17.14.36705.20 d17.14
MinimumVisualStudioVersion = 10.0.40219.1
Project("{FAE04EC0-301F-11D3-BF4B-00C04F79EFBC}") = "Otel_Rezervasyon_Sistemi", "Otel_Rezervasyon_Sistemi.csproj", "{645A3BFB-BC89-4BE0-80DC-5464BEF9775B}"
EndProject
Global
	GlobalSection(SolutionConfigurationPlatforms) = preSolution
		Debug|Any CPU = Debug|Any CPU
		Release|Any CPU = Release|Any CPU
	EndGlobalSection
	GlobalSection(ProjectConfigurationPlatforms) = postSolution
		{645A3BFB-BC89-4BE0-80DC-5464BEF9775B}.Debug|Any CPU.ActiveCfg = Debug|Any CPU
		{645A3BFB-BC89-4BE0-80DC-5464BEF9775B}.Debug|Any CPU.Build.0 = Debug|Any CPU
		{645A3BFB-BC89-4BE0-80DC-5464BEF9775B}.Release|Any CPU.ActiveCfg = Release|Any CPU
		{645A3BFB-BC89-4BE0-80DC-5464BEF9775B}.Release|Any CPU.Build.0 = Release|Any CPU
	EndGlobalSection
	GlobalSection(SolutionProperties) = preSolution
		HideSolutionNode = FALSE
	EndGlobalSection
	GlobalSection(ExtensibilityGlobals) = postSolution
		SolutionGuid = {9C0678ED-EE14-4DBB-83FC-344729954BFE}
	EndGlobalSection
EndGlobal
